// !$*UTF8*$!
{
	archiveVersion = 1;
	classes = {
	};
	objectVersion = 50;
	objects = {

/* Begin PBXBuildFile section */
		97B3040723E08D1900E19EED /* AppDelegate.swift in Sources */ = {isa = PBXBuildFile; fileRef = 97B3040623E08D1900E19EED /* AppDelegate.swift */; };
		97B3040923E08D1900E19EED /* SceneDelegate.swift in Sources */ = {isa = PBXBuildFile; fileRef = 97B3040823E08D1900E19EED /* SceneDelegate.swift */; };
		97B3040B23E08D1900E19EED /* ViewController.swift in Sources */ = {isa = PBXBuildFile; fileRef = 97B3040A23E08D1900E19EED /* ViewController.swift */; };
		97B3040E23E08D1900E19EED /* Main.storyboard in Resources */ = {isa = PBXBuildFile; fileRef = 97B3040C23E08D1900E19EED /* Main.storyboard */; };
		97B3041023E08D1B00E19EED /* Assets.xcassets in Resources */ = {isa = PBXBuildFile; fileRef = 97B3040F23E08D1B00E19EED /* Assets.xcassets */; };
		97B3041323E08D1B00E19EED /* LaunchScreen.storyboard in Resources */ = {isa = PBXBuildFile; fileRef = 97B3041123E08D1B00E19EED /* LaunchScreen.storyboard */; };
		97B3041B23E0A39D00E19EED /* LocationManager.swift in Sources */ = {isa = PBXBuildFile; fileRef = 97B3041A23E0A39D00E19EED /* LocationManager.swift */; };
		97B3041D23E0D23B00E19EED /* LocationInformation.swift in Sources */ = {isa = PBXBuildFile; fileRef = 97B3041C23E0D23B00E19EED /* LocationInformation.swift */; };
/* End PBXBuildFile section */

/* Begin PBXFileReference section */
		97B3040323E08D1900E19EED /* LocationManagerSkeleton.app */ = {isa = PBXFileReference; explicitFileType = wrapper.application; includeInIndex = 0; path = LocationManagerSkeleton.app; sourceTree = BUILT_PRODUCTS_DIR; };
		97B3040623E08D1900E19EED /* AppDelegate.swift */ = {isa = PBXFileReference; lastKnownFileType = sourcecode.swift; path = AppDelegate.swift; sourceTree = "<group>"; };
		97B3040823E08D1900E19EED /* SceneDelegate.swift */ = {isa = PBXFileReference; lastKnownFileType = sourcecode.swift; path = SceneDelegate.swift; sourceTree = "<group>"; };
		97B3040A23E08D1900E19EED /* ViewController.swift */ = {isa = PBXFileReference; lastKnownFileType = sourcecode.swift; path = ViewController.swift; sourceTree = "<group>"; };
		97B3040D23E08D1900E19EED /* Base */ = {isa = PBXFileReference; lastKnownFileType = file.storyboard; name = Base; path = Base.lproj/Main.storyboard; sourceTree = "<group>"; };
		97B3040F23E08D1B00E19EED /* Assets.xcassets */ = {isa = PBXFileReference; lastKnownFileType = folder.assetcatalog; path = Assets.xcassets; sourceTree = "<group>"; };
		97B3041223E08D1B00E19EED /* Base */ = {isa = PBXFileReference; lastKnownFileType = file.storyboard; name = Base; path = Base.lproj/LaunchScreen.storyboard; sourceTree = "<group>"; };
		97B3041423E08D1B00E19EED /* Info.plist */ = {isa = PBXFileReference; lastKnownFileType = text.plist.xml; path = Info.plist; sourceTree = "<group>"; };
		97B3041A23E0A39D00E19EED /* LocationManager.swift */ = {isa = PBXFileReference; lastKnownFileType = sourcecode.swift; path = LocationManager.swift; sourceTree = "<group>"; };
		97B3041C23E0D23B00E19EED /* LocationInformation.swift */ = {isa = PBXFileReference; lastKnownFileType = sourcecode.swift; path = LocationInformation.swift; sourceTree = "<group>"; };
/* End PBXFileReference section */

/* Begin PBXFrameworksBuildPhase section */
		97B3040023E08D1900E19EED /* Frameworks */ = {
			isa = PBXFrameworksBuildPhase;
			buildActionMask = 2147483647;
			files = (
			);
			runOnlyForDeploymentPostprocessing = 0;
		};
/* End PBXFrameworksBuildPhase section */

/* Begin PBXGroup section */
		97B303FA23E08D1900E19EED = {
			isa = PBXGroup;
			children = (
				97B3040523E08D1900E19EED /* LocationManagerSkeleton */,
				97B3040423E08D1900E19EED /* Products */,
			);
			sourceTree = "<group>";
		};
		97B3040423E08D1900E19EED /* Products */ = {
			isa = PBXGroup;
			children = (
				97B3040323E08D1900E19EED /* LocationManagerSkeleton.app */,
			);
			name = Products;
			sourceTree = "<group>";
		};
		97B3040523E08D1900E19EED /* LocationManagerSkeleton */ = {
			isa = PBXGroup;
			children = (
				97B3040623E08D1900E19EED /* AppDelegate.swift */,
				97B3040823E08D1900E19EED /* SceneDelegate.swift */,
				97B3040A23E08D1900E19EED /* ViewController.swift */,
				97B3041A23E0A39D00E19EED /* LocationManager.swift */,
				97B3041C23E0D23B00E19EED /* LocationInformation.swift */,
				97B3040C23E08D1900E19EED /* Main.storyboard */,
				97B3040F23E08D1B00E19EED /* Assets.xcassets */,
				97B3041123E08D1B00E19EED /* LaunchScreen.storyboard */,
				97B3041423E08D1B00E19EED /* Info.plist */,
			);
			path = LocationManagerSkeleton;
			sourceTree = "<group>";
		};
/* End PBXGroup section */

/* Begin PBXNativeTarget section */
		97B3040223E08D1900E19EED /* LocationManagerSkeleton */ = {
			isa = PBXNativeTarget;
			buildConfigurationList = 97B3041723E08D1B00E19EED /* Build configuration list for PBXNativeTarget "LocationManagerSkeleton" */;
			buildPhases = (
				97B303FF23E08D1900E19EED /* Sources */,
				97B3040023E08D1900E19EED /* Frameworks */,
				97B3040123E08D1900E19EED /* Resources */,
			);
			buildRules = (
			);
			dependencies = (
			);
			name = LocationManagerSkeleton;
			productName = LocationManagerSkeleton;
			productReference = 97B3040323E08D1900E19EED /* LocationManagerSkeleton.app */;
			productType = "com.apple.product-type.application";
		};
/* End PBXNativeTarget section */

/* Begin PBXProject section */
		97B303FB23E08D1900E19EED /* Project object */ = {
			isa = PBXProject;
			attributes = {
				LastSwiftUpdateCheck = 1130;
				LastUpgradeCheck = 1130;
				ORGANIZATIONNAME = "Rajendran Eshwaran";
				TargetAttributes = {
					97B3040223E08D1900E19EED = {
						CreatedOnToolsVersion = 11.3;
					};
				};
			};
			buildConfigurationList = 97B303FE23E08D1900E19EED /* Build configuration list for PBXProject "LocationManagerSkeleton" */;
			compatibilityVersion = "Xcode 9.3";
			developmentRegion = en;
			hasScannedForEncodings = 0;
			knownRegions = (
				en,
				Base,
			);
			mainGroup = 97B303FA23E08D1900E19EED;
			productRefGroup = 97B3040423E08D1900E19EED /* Products */;
			projectDirPath = "";
			projectRoot = "";
			targets = (
				97B3040223E08D1900E19EED /* LocationManagerSkeleton */,
			);
		};
/* End PBXProject section */

/* Begin PBXResourcesBuildPhase section */
		97B3040123E08D1900E19EED /* Resources */ = {
			isa = PBXResourcesBuildPhase;
			buildActionMask = 2147483647;
			files = (
				97B3041323E08D1B00E19EED /* LaunchScreen.storyboard in Resources */,
				97B3041023E08D1B00E19EED /* Assets.xcassets in Resources */,
				97B3040E23E08D1900E19EED /* Main.storyboard in Resources */,
			);
			runOnlyForDeploymentPostprocessing = 0;
		};
/* End PBXResourcesBuildPhase section */

/* Begin PBXSourcesBuildPhase section */
		97B303FF23E08D1900E19EED /* Sources */ = {
			isa = PBXSourcesBuildPhase;
			buildActionMask = 2147483647;
			files = (
				97B3041B23E0A39D00E19EED /* LocationManager.swift in Sources */,
				97B3041D23E0D23B00E19EED /* LocationInformation.swift in Sources */,
				97B3040B23E08D1900E19EED /* ViewController.swift in Sources */,
				97B3040723E08D1900E19EED /* AppDelegate.swift in Sources */,
				97B3040923E08D1900E19EED /* SceneDelegate.swift in Sources */,
			);
			runOnlyForDeploymentPostprocessing = 0;
		};
/* End PBXSourcesBuildPhase section */

/* Begin PBXVariantGroup section */
		97B3040C23E08D1900E19EED /* Main.storyboard */ = {
			isa = PBXVariantGroup;
			children = (
				97B3040D23E08D1900E19EED /* Base */,
			);
			name = Main.storyboard;
			sourceTree = "<group>";
		};
		97B3041123E08D1B00E19EED /* LaunchScreen.storyboard */ = {
			isa = PBXVariantGroup;
			children = (
				97B3041223E08D1B00E19EED /* Base */,
			);
			name = LaunchScreen.storyboard;
			sourceTree = "<group>";
		};
/* End PBXVariantGroup section */

/* Begin XCBuildConfiguration section */
		97B3041523E08D1B00E19EED /* Debug */ = {
			isa = XCBuildConfiguration;
			buildSettings = {
				ALWAYS_SEARCH_USER_PATHS = NO;
				CLANG_ANALYZER_NONNULL = YES;
				CLANG_ANALYZER_NUMBER_OBJECT_CONVERSION = YES_AGGRESSIVE;
				CLANG_CXX_LANGUAGE_STANDARD = "gnu++14";
				CLANG_CXX_LIBRARY = "libc++";
				CLANG_ENABLE_MODULES = YES;
				CLANG_ENABLE_OBJC_ARC = YES;
				CLANG_ENABLE_OBJC_WEAK = YES;
				CLANG_WARN_BLOCK_CAPTURE_AUTORELEASING = YES;
				CLANG_WARN_BOOL_CONVERSION = YES;
				CLANG_WARN_COMMA = YES;
				CLANG_WARN_CONSTANT_CONVERSION = YES;
				CLANG_WARN_DEPRECATED_OBJC_IMPLEMENTATIONS = YES;
				CLANG_WARN_DIRECT_OBJC_ISA_USAGE = YES_ERROR;
				CLANG_WARN_DOCUMENTATION_COMMENTS = YES;
				CLANG_WARN_EMPTY_BODY = YES;
				CLANG_WARN_ENUM_CONVERSION = YES;
				CLANG_WARN_INFINITE_RECURSION = YES;
				CLANG_WARN_INT_CONVERSION = YES;
				CLANG_WARN_NON_LITERAL_NULL_CONVERSION = YES;
				CLANG_WARN_OBJC_IMPLICIT_RETAIN_SELF = YES;
				CLANG_WARN_OBJC_LITERAL_CONVERSION = YES;
				CLANG_WARN_OBJC_ROOT_CLASS = YES_ERROR;
				CLANG_WARN_RANGE_LOOP_ANALYSIS = YES;
				CLANG_WARN_STRICT_PROTOTYPES = YES;
				CLANG_WARN_SUSPICIOUS_MOVE = YES;
				CLANG_WARN_UNGUARDED_AVAILABILITY = YES_AGGRESSIVE;
				CLANG_WARN_UNREACHABLE_CODE = YES;
				CLANG_WARN__DUPLICATE_METHOD_MATCH = YES;
				COPY_PHASE_STRIP = NO;
				DEBUG_INFORMATION_FORMAT = dwarf;
				ENABLE_STRICT_OBJC_MSGSEND = YES;
				ENABLE_TESTABILITY = YES;
				GCC_C_LANGUAGE_STANDARD = gnu11;
				GCC_DYNAMIC_NO_PIC = NO;
				GCC_NO_COMMON_BLOCKS = YES;
				GCC_OPTIMIZATION_LEVEL = 0;
				GCC_PREPROCESSOR_DEFINITIONS = (
					"DEBUG=1",
					"$(inherited)",
				);
				GCC_WARN_64_TO_32_BIT_CONVERSION = YES;
				GCC_WARN_ABOUT_RETURN_TYPE = YES_ERROR;
				GCC_WARN_UNDECLARED_SELECTOR = YES;
				GCC_WARN_UNINITIALIZED_AUTOS = YES_AGGRESSIVE;
				GCC_WARN_UNUSED_FUNCTION = YES;
				GCC_WARN_UNUSED_VARIABLE = YES;
				IPHONEOS_DEPLOYMENT_TARGET = 13.2;
				MTL_ENABLE_DEBUG_INFO = INCLUDE_SOURCE;
				MTL_FAST_MATH = YES;
				ONLY_ACTIVE_ARCH = YES;
				SDKROOT = iphoneos;
				SWIFT_ACTIVE_COMPILATION_CONDITIONS = DEBUG;
				SWIFT_OPTIMIZATION_LEVEL = "-Onone";
			};
			name = Debug;
		};
		97B3041623E08D1B00E19EED /* Release */ = {
			isa = XCBuildConfiguration;
			buildSettings = {
				ALWAYS_SEARCH_USER_PATHS = NO;
				CLANG_ANALYZER_NONNULL = YES;
				CLANG_ANALYZER_NUMBER_OBJECT_CONVERSION = YES_AGGRESSIVE;
				CLANG_CXX_LANGUAGE_STANDARD = "gnu++14";
				CLANG_CXX_LIBRARY = "libc++";
				CLANG_ENABLE_MODULES = YES;
				CLANG_ENABLE_OBJC_ARC = YES;
				CLANG_ENABLE_OBJC_WEAK = YES;
				CLANG_WARN_BLOCK_CAPTURE_AUTORELEASING = YES;
				CLANG_WARN_BOOL_CONVERSION = YES;
				CLANG_WARN_COMMA = YES;
				CLANG_WARN_CONSTANT_CONVERSION = YES;
				CLANG_WARN_DEPRECATED_OBJC_IMPLEMENTATIONS = YES;
				CLANG_WARN_DIRECT_OBJC_ISA_USAGE = YES_ERROR;
				CLANG_WARN_DOCUMENTATION_COMMENTS = YES;
				CLANG_WARN_EMPTY_BODY = YES;
				CLANG_WARN_ENUM_CONVERSION = YES;
				CLANG_WARN_INFINITE_RECURSION = YES;
				CLANG_WARN_INT_CONVERSION = YES;
				CLANG_WARN_NON_LITERAL_NULL_CONVERSION = YES;
				CLANG_WARN_OBJC_IMPLICIT_RETAIN_SELF = YES;
				CLANG_WARN_OBJC_LITERAL_CONVERSION = YES;
				CLANG_WARN_OBJC_ROOT_CLASS = YES_ERROR;
				CLANG_WARN_RANGE_LOOP_ANALYSIS = YES;
				CLANG_WARN_STRICT_PROTOTYPES = YES;
				CLANG_WARN_SUSPICIOUS_MOVE = YES;
				CLANG_WARN_UNGUARDED_AVAILABILITY = YES_AGGRESSIVE;
				CLANG_WARN_UNREACHABLE_CODE = YES;
				CLANG_WARN__DUPLICATE_METHOD_MATCH = YES;
				COPY_PHASE_STRIP = NO;
				DEBUG_INFORMATION_FORMAT = "dwarf-with-dsym";
				ENABLE_NS_ASSERTIONS = NO;
				ENABLE_STRICT_OBJC_MSGSEND = YES;
				GCC_C_LANGUAGE_STANDARD = gnu11;
				GCC_NO_COMMON_BLOCKS = YES;
				GCC_WARN_64_TO_32_BIT_CONVERSION = YES;
				GCC_WARN_ABOUT_RETURN_TYPE = YES_ERROR;
				GCC_WARN_UNDECLARED_SELECTOR = YES;
				GCC_WARN_UNINITIALIZED_AUTOS = YES_AGGRESSIVE;
				GCC_WARN_UNUSED_FUNCTION = YES;
				GCC_WARN_UNUSED_VARIABLE = YES;
				IPHONEOS_DEPLOYMENT_TARGET = 13.2;
				MTL_ENABLE_DEBUG_INFO = NO;
				MTL_FAST_MATH = YES;
				SDKROOT = iphoneos;
				SWIFT_COMPILATION_MODE = wholemodule;
				SWIFT_OPTIMIZATION_LEVEL = "-O";
				VALIDATE_PRODUCT = YES;
			};
			name = Release;
		};
		97B3041823E08D1B00E19EED /* Debug */ = {
			isa = XCBuildConfiguration;
			buildSettings = {
				ASSETCATALOG_COMPILER_APPICON_NAME = AppIcon;
				CODE_SIGN_STYLE = Automatic;
				INFOPLIST_FILE = LocationManagerSkeleton/Info.plist;
				LD_RUNPATH_SEARCH_PATHS = (
					"$(inherited)",
					"@executable_path/Frameworks",
				);
				PRODUCT_BUNDLE_IDENTIFIER = com.rajaygms.LocationManagerSkeleton;
				PRODUCT_NAME = "$(TARGET_NAME)";
				SWIFT_VERSION = 5.0;
				TARGETED_DEVICE_FAMILY = "1,2";
			};
			name = Debug;
		};
		97B3041923E08D1B00E19EED /* Release */ = {
			isa = XCBuildConfiguration;
			buildSettings = {
				ASSETCATALOG_COMPILER_APPICON_NAME = AppIcon;
				CODE_SIGN_STYLE = Automatic;
				INFOPLIST_FILE = LocationManagerSkeleton/Info.plist;
				LD_RUNPATH_SEARCH_PATHS = (
					"$(inherited)",
					"@executable_path/Frameworks",
				);
				PRODUCT_BUNDLE_IDENTIFIER = com.rajaygms.LocationManagerSkeleton;
				PRODUCT_NAME = "$(TARGET_NAME)";
				SWIFT_VERSION = 5.0;
				TARGETED_DEVICE_FAMILY = "1,2";
			};
			name = Release;
		};
/* End XCBuildConfiguration section */

/* Begin XCConfigurationList section */
		97B303FE23E08D1900E19EED /* Build configuration list for PBXProject "LocationManagerSkeleton" */ = {
			isa = XCConfigurationList;
			buildConfigurations = (
				97B3041523E08D1B00E19EED /* Debug */,
				97B3041623E08D1B00E19EED /* Release */,
			);
			defaultConfigurationIsVisible = 0;
			defaultConfigurationName = Release;
		};
		97B3041723E08D1B00E19EED /* Build configuration list for PBXNativeTarget "LocationManagerSkeleton" */ = {
			isa = XCConfigurationList;
			buildConfigurations = (
				97B3041823E08D1B00E19EED /* Debug */,
				97B3041923E08D1B00E19EED /* Release */,
			);
			defaultConfigurationIsVisible = 0;
			defaultConfigurationName = Release;
		};
/* End XCConfigurationList section */
	};
	rootObject = 97B303FB23E08D1900E19EED /* Project object */;
}
